
Microsoft Visual Studio Solution File, Format Version 12.00
# Visual Studio Version 16
VisualStudioVersion = 16.0.29306.81
MinimumVisualStudioVersion = 10.0.40219.1
Project("{9A19103F-16F7-4668-BE54-9A1E7A4F7556}") = "TodoPd19", "TodoPd19\TodoPd19\TodoPd19.csproj", "{66EBBC5D-BE2E-417F-90B9-193E60F0F4CA}"
EndProject
Project("{FAE04EC0-301F-11D3-BF4B-00C04F79EFBC}") = "TodoPd19.Android", "TodoPd19\TodoPd19.Android\TodoPd19.Android.csproj", "{BAC88C1F-215C-4B57-BD35-68463C6019AC}"
EndProject
Project("{FAE04EC0-301F-11D3-BF4B-00C04F79EFBC}") = "TodoPd19.iOS", "TodoPd19\TodoPd19.iOS\TodoPd19.iOS.csproj", "{9156AC10-AED8-442F-B23F-87B0414CE97C}"
EndProject
Project("{FAE04EC0-301F-11D3-BF4B-00C04F79EFBC}") = "TodoPd19.UWP", "TodoPd19\TodoPd19.UWP\TodoPd19.UWP.csproj", "{B89E995E-2502-46E6-85D6-CF4FEC0EA1AE}"
EndProject
Global
	GlobalSection(SolutionConfigurationPlatforms) = preSolution
		Ad-Hoc|Any CPU = Ad-Hoc|Any CPU
		Ad-Hoc|ARM = Ad-Hoc|ARM
		Ad-Hoc|iPhone = Ad-Hoc|iPhone
		Ad-Hoc|iPhoneSimulator = Ad-Hoc|iPhoneSimulator
		Ad-Hoc|x64 = Ad-Hoc|x64
		Ad-Hoc|x86 = Ad-Hoc|x86
		AppStore|Any CPU = AppStore|Any CPU
		AppStore|ARM = AppStore|ARM
		AppStore|iPhone = AppStore|iPhone
		AppStore|iPhoneSimulator = AppStore|iPhoneSimulator
		AppStore|x64 = AppStore|x64
		AppStore|x86 = AppStore|x86
		Debug|Any CPU = Debug|Any CPU
		Debug|ARM = Debug|ARM
		Debug|iPhone = Debug|iPhone
		Debug|iPhoneSimulator = Debug|iPhoneSimulator
		Debug|x64 = Debug|x64
		Debug|x86 = Debug|x86
		Release|Any CPU = Release|Any CPU
		Release|ARM = Release|ARM
		Release|iPhone = Release|iPhone
		Release|iPhoneSimulator = Release|iPhoneSimulator
		Release|x64 = Release|x64
		Release|x86 = Release|x86
	EndGlobalSection
	GlobalSection(ProjectConfigurationPlatforms) = postSolution
		{66EBBC5D-BE2E-417F-90B9-193E60F0F4CA}.Ad-Hoc|Any CPU.ActiveCfg = Debug|Any CPU
		{66EBBC5D-BE2E-417F-90B9-193E60F0F4CA}.Ad-Hoc|Any CPU.Build.0 = Debug|Any CPU
		{66EBBC5D-BE2E-417F-90B9-193E60F0F4CA}.Ad-Hoc|ARM.ActiveCfg = Debug|Any CPU
		{66EBBC5D-BE2E-417F-90B9-193E60F0F4CA}.Ad-Hoc|ARM.Build.0 = Debug|Any CPU
		{66EBBC5D-BE2E-417F-90B9-193E60F0F4CA}.Ad-Hoc|iPhone.ActiveCfg = Debug|Any CPU
		{66EBBC5D-BE2E-417F-90B9-193E60F0F4CA}.Ad-Hoc|iPhone.Build.0 = Debug|Any CPU
		{66EBBC5D-BE2E-417F-90B9-193E60F0F4CA}.Ad-Hoc|iPhoneSimulator.ActiveCfg = Debug|Any CPU
		{66EBBC5D-BE2E-417F-90B9-193E60F0F4CA}.Ad-Hoc|iPhoneSimulator.Build.0 = Debug|Any CPU
		{66EBBC5D-BE2E-417F-90B9-193E60F0F4CA}.Ad-Hoc|x64.ActiveCfg = Debug|Any CPU
		{66EBBC5D-BE2E-417F-90B9-193E60F0F4CA}.Ad-Hoc|x64.Build.0 = Debug|Any CPU
		{66EBBC5D-BE2E-417F-90B9-193E60F0F4CA}.Ad-Hoc|x86.ActiveCfg = Debug|Any CPU
		{66EBBC5D-BE2E-417F-90B9-193E60F0F4CA}.Ad-Hoc|x86.Build.0 = Debug|Any CPU
		{66EBBC5D-BE2E-417F-90B9-193E60F0F4CA}.AppStore|Any CPU.ActiveCfg = Debug|Any CPU
		{66EBBC5D-BE2E-417F-90B9-193E60F0F4CA}.AppStore|Any CPU.Build.0 = Debug|Any CPU
		{66EBBC5D-BE2E-417F-90B9-193E60F0F4CA}.AppStore|ARM.ActiveCfg = Debug|Any CPU
		{66EBBC5D-BE2E-417F-90B9-193E60F0F4CA}.AppStore|ARM.Build.0 = Debug|Any CPU
		{66EBBC5D-BE2E-417F-90B9-193E60F0F4CA}.AppStore|iPhone.ActiveCfg = Debug|Any CPU
		{66EBBC5D-BE2E-417F-90B9-193E60F0F4CA}.AppStore|iPhone.Build.0 = Debug|Any CPU
		{66EBBC5D-BE2E-417F-90B9-193E60F0F4CA}.AppStore|iPhoneSimulator.ActiveCfg = Debug|Any CPU
		{66EBBC5D-BE2E-417F-90B9-193E60F0F4CA}.AppStore|iPhoneSimulator.Build.0 = Debug|Any CPU
		{66EBBC5D-BE2E-417F-90B9-193E60F0F4CA}.AppStore|x64.ActiveCfg = Debug|Any CPU
		{66EBBC5D-BE2E-417F-90B9-193E60F0F4CA}.AppStore|x64.Build.0 = Debug|Any CPU
		{66EBBC5D-BE2E-417F-90B9-193E60F0F4CA}.AppStore|x86.ActiveCfg = Debug|Any CPU
		{66EBBC5D-BE2E-417F-90B9-193E60F0F4CA}.AppStore|x86.Build.0 = Debug|Any CPU
		{66EBBC5D-BE2E-417F-90B9-193E60F0F4CA}.Debug|Any CPU.ActiveCfg = Debug|Any CPU
		{66EBBC5D-BE2E-417F-90B9-193E60F0F4CA}.Debug|Any CPU.Build.0 = Debug|Any CPU
		{66EBBC5D-BE2E-417F-90B9-193E60F0F4CA}.Debug|ARM.ActiveCfg = Debug|Any CPU
		{66EBBC5D-BE2E-417F-90B9-193E60F0F4CA}.Debug|ARM.Build.0 = Debug|Any CPU
		{66EBBC5D-BE2E-417F-90B9-193E60F0F4CA}.Debug|iPhone.ActiveCfg = Debug|Any CPU
		{66EBBC5D-BE2E-417F-90B9-193E60F0F4CA}.Debug|iPhone.Build.0 = Debug|Any CPU
		{66EBBC5D-BE2E-417F-90B9-193E60F0F4CA}.Debug|iPhoneSimulator.ActiveCfg = Debug|Any CPU
		{66EBBC5D-BE2E-417F-90B9-193E60F0F4CA}.Debug|iPhoneSimulator.Build.0 = Debug|Any CPU
		{66EBBC5D-BE2E-417F-90B9-193E60F0F4CA}.Debug|x64.ActiveCfg = Debug|Any CPU
		{66EBBC5D-BE2E-417F-90B9-193E60F0F4CA}.Debug|x64.Build.0 = Debug|Any CPU
		{66EBBC5D-BE2E-417F-90B9-193E60F0F4CA}.Debug|x86.ActiveCfg = Debug|Any CPU
		{66EBBC5D-BE2E-417F-90B9-193E60F0F4CA}.Debug|x86.Build.0 = Debug|Any CPU
		{66EBBC5D-BE2E-417F-90B9-193E60F0F4CA}.Release|Any CPU.ActiveCfg = Release|Any CPU
		{66EBBC5D-BE2E-417F-90B9-193E60F0F4CA}.Release|Any CPU.Build.0 = Release|Any CPU
		{66EBBC5D-BE2E-417F-90B9-193E60F0F4CA}.Release|ARM.ActiveCfg = Release|Any CPU
		{66EBBC5D-BE2E-417F-90B9-193E60F0F4CA}.Release|ARM.Build.0 = Release|Any CPU
		{66EBBC5D-BE2E-417F-90B9-193E60F0F4CA}.Release|iPhone.ActiveCfg = Release|Any CPU
		{66EBBC5D-BE2E-417F-90B9-193E60F0F4CA}.Release|iPhone.Build.0 = Release|Any CPU
		{66EBBC5D-BE2E-417F-90B9-193E60F0F4CA}.Release|iPhoneSimulator.ActiveCfg = Release|Any CPU
		{66EBBC5D-BE2E-417F-90B9-193E60F0F4CA}.Release|iPhoneSimulator.Build.0 = Release|Any CPU
		{66EBBC5D-BE2E-417F-90B9-193E60F0F4CA}.Release|x64.ActiveCfg = Release|Any CPU
		{66EBBC5D-BE2E-417F-90B9-193E60F0F4CA}.Release|x64.Build.0 = Release|Any CPU
		{66EBBC5D-BE2E-417F-90B9-193E60F0F4CA}.Release|x86.ActiveCfg = Release|Any CPU
		{66EBBC5D-BE2E-417F-90B9-193E60F0F4CA}.Release|x86.Build.0 = Release|Any CPU
		{BAC88C1F-215C-4B57-BD35-68463C6019AC}.Ad-Hoc|Any CPU.ActiveCfg = Release|Any CPU
		{BAC88C1F-215C-4B57-BD35-68463C6019AC}.Ad-Hoc|Any CPU.Build.0 = Release|Any CPU
		{BAC88C1F-215C-4B57-BD35-68463C6019AC}.Ad-Hoc|Any CPU.Deploy.0 = Release|Any CPU
		{BAC88C1F-215C-4B57-BD35-68463C6019AC}.Ad-Hoc|ARM.ActiveCfg = Release|Any CPU
		{BAC88C1F-215C-4B57-BD35-68463C6019AC}.Ad-Hoc|ARM.Build.0 = Release|Any CPU
		{BAC88C1F-215C-4B57-BD35-68463C6019AC}.Ad-Hoc|ARM.Deploy.0 = Release|Any CPU
		{BAC88C1F-215C-4B57-BD35-68463C6019AC}.Ad-Hoc|iPhone.ActiveCfg = Release|Any CPU
		{BAC88C1F-215C-4B57-BD35-68463C6019AC}.Ad-Hoc|iPhone.Build.0 = Release|Any CPU
		{BAC88C1F-215C-4B57-BD35-68463C6019AC}.Ad-Hoc|iPhone.Deploy.0 = Release|Any CPU
		{BAC88C1F-215C-4B57-BD35-68463C6019AC}.Ad-Hoc|iPhoneSimulator.ActiveCfg = Release|Any CPU
		{BAC88C1F-215C-4B57-BD35-68463C6019AC}.Ad-Hoc|iPhoneSimulator.Build.0 = Release|Any CPU
		{BAC88C1F-215C-4B57-BD35-68463C6019AC}.Ad-Hoc|iPhoneSimulator.Deploy.0 = Release|Any CPU
		{BAC88C1F-215C-4B57-BD35-68463C6019AC}.Ad-Hoc|x64.ActiveCfg = Release|Any CPU
		{BAC88C1F-215C-4B57-BD35-68463C6019AC}.Ad-Hoc|x64.Build.0 = Release|Any CPU
		{BAC88C1F-215C-4B57-BD35-68463C6019AC}.Ad-Hoc|x64.Deploy.0 = Release|Any CPU
		{BAC88C1F-215C-4B57-BD35-68463C6019AC}.Ad-Hoc|x86.ActiveCfg = Release|Any CPU
		{BAC88C1F-215C-4B57-BD35-68463C6019AC}.Ad-Hoc|x86.Build.0 = Release|Any CPU
		{BAC88C1F-215C-4B57-BD35-68463C6019AC}.Ad-Hoc|x86.Deploy.0 = Release|Any CPU
		{BAC88C1F-215C-4B57-BD35-68463C6019AC}.AppStore|Any CPU.ActiveCfg = Release|Any CPU
		{BAC88C1F-215C-4B57-BD35-68463C6019AC}.AppStore|Any CPU.Build.0 = Release|Any CPU
		{BAC88C1F-215C-4B57-BD35-68463C6019AC}.AppStore|Any CPU.Deploy.0 = Release|Any CPU
		{BAC88C1F-215C-4B57-BD35-68463C6019AC}.AppStore|ARM.ActiveCfg = Release|Any CPU
		{BAC88C1F-215C-4B57-BD35-68463C6019AC}.AppStore|ARM.Build.0 = Release|Any CPU
		{BAC88C1F-215C-4B57-BD35-68463C6019AC}.AppStore|ARM.Deploy.0 = Release|Any CPU
		{BAC88C1F-215C-4B57-BD35-68463C6019AC}.AppStore|iPhone.ActiveCfg = Release|Any CPU
		{BAC88C1F-215C-4B57-BD35-68463C6019AC}.AppStore|iPhone.Build.0 = Release|Any CPU
		{BAC88C1F-215C-4B57-BD35-68463C6019AC}.AppStore|iPhone.Deploy.0 = Release|Any CPU
		{BAC88C1F-215C-4B57-BD35-68463C6019AC}.AppStore|iPhoneSimulator.ActiveCfg = Release|Any CPU
		{BAC88C1F-215C-4B57-BD35-68463C6019AC}.AppStore|iPhoneSimulator.Build.0 = Release|Any CPU
		{BAC88C1F-215C-4B57-BD35-68463C6019AC}.AppStore|iPhoneSimulator.Deploy.0 = Release|Any CPU
		{BAC88C1F-215C-4B57-BD35-68463C6019AC}.AppStore|x64.ActiveCfg = Release|Any CPU
		{BAC88C1F-215C-4B57-BD35-68463C6019AC}.AppStore|x64.Build.0 = Release|Any CPU
		{BAC88C1F-215C-4B57-BD35-68463C6019AC}.AppStore|x64.Deploy.0 = Release|Any CPU
		{BAC88C1F-215C-4B57-BD35-68463C6019AC}.AppStore|x86.ActiveCfg = Release|Any CPU
		{BAC88C1F-215C-4B57-BD35-68463C6019AC}.AppStore|x86.Build.0 = Release|Any CPU
		{BAC88C1F-215C-4B57-BD35-68463C6019AC}.AppStore|x86.Deploy.0 = Release|Any CPU
		{BAC88C1F-215C-4B57-BD35-68463C6019AC}.Debug|Any CPU.ActiveCfg = Debug|Any CPU
		{BAC88C1F-215C-4B57-BD35-68463C6019AC}.Debug|Any CPU.Build.0 = Debug|Any CPU
		{BAC88C1F-215C-4B57-BD35-68463C6019AC}.Debug|Any CPU.Deploy.0 = Debug|Any CPU
		{BAC88C1F-215C-4B57-BD35-68463C6019AC}.Debug|ARM.ActiveCfg = Debug|Any CPU
		{BAC88C1F-215C-4B57-BD35-68463C6019AC}.Debug|ARM.Build.0 = Debug|Any CPU
		{BAC88C1F-215C-4B57-BD35-68463C6019AC}.Debug|ARM.Deploy.0 = Debug|Any CPU
		{BAC88C1F-215C-4B57-BD35-68463C6019AC}.Debug|iPhone.ActiveCfg = Debug|Any CPU
		{BAC88C1F-215C-4B57-BD35-68463C6019AC}.Debug|iPhone.Build.0 = Debug|Any CPU
		{BAC88C1F-215C-4B57-BD35-68463C6019AC}.Debug|iPhone.Deploy.0 = Debug|Any CPU
		{BAC88C1F-215C-4B57-BD35-68463C6019AC}.Debug|iPhoneSimulator.ActiveCfg = Debug|Any CPU
		{BAC88C1F-215C-4B57-BD35-68463C6019AC}.Debug|iPhoneSimulator.Build.0 = Debug|Any CPU
		{BAC88C1F-215C-4B57-BD35-68463C6019AC}.Debug|iPhoneSimulator.Deploy.0 = Debug|Any CPU
		{BAC88C1F-215C-4B57-BD35-68463C6019AC}.Debug|x64.ActiveCfg = Debug|Any CPU
		{BAC88C1F-215C-4B57-BD35-68463C6019AC}.Debug|x64.Build.0 = Debug|Any CPU
		{BAC88C1F-215C-4B57-BD35-68463C6019AC}.Debug|x64.Deploy.0 = Debug|Any CPU
		{BAC88C1F-215C-4B57-BD35-68463C6019AC}.Debug|x86.ActiveCfg = Debug|Any CPU
		{BAC88C1F-215C-4B57-BD35-68463C6019AC}.Debug|x86.Build.0 = Debug|Any CPU
		{BAC88C1F-215C-4B57-BD35-68463C6019AC}.Debug|x86.Deploy.0 = Debug|Any CPU
		{BAC88C1F-215C-4B57-BD35-68463C6019AC}.Release|Any CPU.ActiveCfg = Release|Any CPU
		{BAC88C1F-215C-4B57-BD35-68463C6019AC}.Release|Any CPU.Build.0 = Release|Any CPU
		{BAC88C1F-215C-4B57-BD35-68463C6019AC}.Release|Any CPU.Deploy.0 = Release|Any CPU
		{BAC88C1F-215C-4B57-BD35-68463C6019AC}.Release|ARM.ActiveCfg = Release|Any CPU
		{BAC88C1F-215C-4B57-BD35-68463C6019AC}.Release|ARM.Build.0 = Release|Any CPU
		{BAC88C1F-215C-4B57-BD35-68463C6019AC}.Release|ARM.Deploy.0 = Release|Any CPU
		{BAC88C1F-215C-4B57-BD35-68463C6019AC}.Release|iPhone.ActiveCfg = Release|Any CPU
		{BAC88C1F-215C-4B57-BD35-68463C6019AC}.Release|iPhone.Build.0 = Release|Any CPU
		{BAC88C1F-215C-4B57-BD35-68463C6019AC}.Release|iPhone.Deploy.0 = Release|Any CPU
		{BAC88C1F-215C-4B57-BD35-68463C6019AC}.Release|iPhoneSimulator.ActiveCfg = Release|Any CPU
		{BAC88C1F-215C-4B57-BD35-68463C6019AC}.Release|iPhoneSimulator.Build.0 = Release|Any CPU
		{BAC88C1F-215C-4B57-BD35-68463C6019AC}.Release|iPhoneSimulator.Deploy.0 = Release|Any CPU
		{BAC88C1F-215C-4B57-BD35-68463C6019AC}.Release|x64.ActiveCfg = Release|Any CPU
		{BAC88C1F-215C-4B57-BD35-68463C6019AC}.Release|x64.Build.0 = Release|Any CPU
		{BAC88C1F-215C-4B57-BD35-68463C6019AC}.Release|x64.Deploy.0 = Release|Any CPU
		{BAC88C1F-215C-4B57-BD35-68463C6019AC}.Release|x86.ActiveCfg = Release|Any CPU
		{BAC88C1F-215C-4B57-BD35-68463C6019AC}.Release|x86.Build.0 = Release|Any CPU
		{BAC88C1F-215C-4B57-BD35-68463C6019AC}.Release|x86.Deploy.0 = Release|Any CPU
		{9156AC10-AED8-442F-B23F-87B0414CE97C}.Ad-Hoc|Any CPU.ActiveCfg = Ad-Hoc|iPhone
		{9156AC10-AED8-442F-B23F-87B0414CE97C}.Ad-Hoc|ARM.ActiveCfg = Ad-Hoc|iPhone
		{9156AC10-AED8-442F-B23F-87B0414CE97C}.Ad-Hoc|iPhone.ActiveCfg = Ad-Hoc|iPhone
		{9156AC10-AED8-442F-B23F-87B0414CE97C}.Ad-Hoc|iPhone.Build.0 = Ad-Hoc|iPhone
		{9156AC10-AED8-442F-B23F-87B0414CE97C}.Ad-Hoc|iPhoneSimulator.ActiveCfg = Ad-Hoc|iPhoneSimulator
		{9156AC10-AED8-442F-B23F-87B0414CE97C}.Ad-Hoc|iPhoneSimulator.Build.0 = Ad-Hoc|iPhoneSimulator
		{9156AC10-AED8-442F-B23F-87B0414CE97C}.Ad-Hoc|x64.ActiveCfg = Ad-Hoc|iPhone
		{9156AC10-AED8-442F-B23F-87B0414CE97C}.Ad-Hoc|x86.ActiveCfg = Ad-Hoc|iPhone
		{9156AC10-AED8-442F-B23F-87B0414CE97C}.AppStore|Any CPU.ActiveCfg = AppStore|iPhone
		{9156AC10-AED8-442F-B23F-87B0414CE97C}.AppStore|ARM.ActiveCfg = AppStore|iPhone
		{9156AC10-AED8-442F-B23F-87B0414CE97C}.AppStore|iPhone.ActiveCfg = AppStore|iPhone
		{9156AC10-AED8-442F-B23F-87B0414CE97C}.AppStore|iPhone.Build.0 = AppStore|iPhone
		{9156AC10-AED8-442F-B23F-87B0414CE97C}.AppStore|iPhoneSimulator.ActiveCfg = AppStore|iPhoneSimulator
		{9156AC10-AED8-442F-B23F-87B0414CE97C}.AppStore|iPhoneSimulator.Build.0 = AppStore|iPhoneSimulator
		{9156AC10-AED8-442F-B23F-87B0414CE97C}.AppStore|x64.ActiveCfg = AppStore|iPhone
		{9156AC10-AED8-442F-B23F-87B0414CE97C}.AppStore|x86.ActiveCfg = AppStore|iPhone
		{9156AC10-AED8-442F-B23F-87B0414CE97C}.Debug|Any CPU.ActiveCfg = Debug|iPhone
		{9156AC10-AED8-442F-B23F-87B0414CE97C}.Debug|ARM.ActiveCfg = Debug|iPhone
		{9156AC10-AED8-442F-B23F-87B0414CE97C}.Debug|iPhone.ActiveCfg = Debug|iPhone
		{9156AC10-AED8-442F-B23F-87B0414CE97C}.Debug|iPhone.Build.0 = Debug|iPhone
		{9156AC10-AED8-442F-B23F-87B0414CE97C}.Debug|iPhoneSimulator.ActiveCfg = Debug|iPhoneSimulator
		{9156AC10-AED8-442F-B23F-87B0414CE97C}.Debug|iPhoneSimulator.Build.0 = Debug|iPhoneSimulator
		{9156AC10-AED8-442F-B23F-87B0414CE97C}.Debug|x64.ActiveCfg = Debug|iPhone
		{9156AC10-AED8-442F-B23F-87B0414CE97C}.Debug|x86.ActiveCfg = Debug|iPhoneSimulator
		{9156AC10-AED8-442F-B23F-87B0414CE97C}.Debug|x86.Build.0 = Debug|iPhoneSimulator
		{9156AC10-AED8-442F-B23F-87B0414CE97C}.Release|Any CPU.ActiveCfg = Release|iPhone
		{9156AC10-AED8-442F-B23F-87B0414CE97C}.Release|ARM.ActiveCfg = Release|iPhone
		{9156AC10-AED8-442F-B23F-87B0414CE97C}.Release|iPhone.ActiveCfg = Release|iPhone
		{9156AC10-AED8-442F-B23F-87B0414CE97C}.Release|iPhone.Build.0 = Release|iPhone
		{9156AC10-AED8-442F-B23F-87B0414CE97C}.Release|iPhoneSimulator.ActiveCfg = Release|iPhoneSimulator
		{9156AC10-AED8-442F-B23F-87B0414CE97C}.Release|iPhoneSimulator.Build.0 = Release|iPhoneSimulator
		{9156AC10-AED8-442F-B23F-87B0414CE97C}.Release|x64.ActiveCfg = Release|iPhone
		{9156AC10-AED8-442F-B23F-87B0414CE97C}.Release|x86.ActiveCfg = Release|iPhone
		{B89E995E-2502-46E6-85D6-CF4FEC0EA1AE}.Ad-Hoc|Any CPU.ActiveCfg = Release|x86
		{B89E995E-2502-46E6-85D6-CF4FEC0EA1AE}.Ad-Hoc|Any CPU.Build.0 = Release|x86
		{B89E995E-2502-46E6-85D6-CF4FEC0EA1AE}.Ad-Hoc|Any CPU.Deploy.0 = Release|x86
		{B89E995E-2502-46E6-85D6-CF4FEC0EA1AE}.Ad-Hoc|ARM.ActiveCfg = Release|ARM
		{B89E995E-2502-46E6-85D6-CF4FEC0EA1AE}.Ad-Hoc|ARM.Build.0 = Release|ARM
		{B89E995E-2502-46E6-85D6-CF4FEC0EA1AE}.Ad-Hoc|ARM.Deploy.0 = Release|ARM
		{B89E995E-2502-46E6-85D6-CF4FEC0EA1AE}.Ad-Hoc|iPhone.ActiveCfg = Release|x86
		{B89E995E-2502-46E6-85D6-CF4FEC0EA1AE}.Ad-Hoc|iPhone.Build.0 = Release|x86
		{B89E995E-2502-46E6-85D6-CF4FEC0EA1AE}.Ad-Hoc|iPhone.Deploy.0 = Release|x86
		{B89E995E-2502-46E6-85D6-CF4FEC0EA1AE}.Ad-Hoc|iPhoneSimulator.ActiveCfg = Release|x86
		{B89E995E-2502-46E6-85D6-CF4FEC0EA1AE}.Ad-Hoc|iPhoneSimulator.Build.0 = Release|x86
		{B89E995E-2502-46E6-85D6-CF4FEC0EA1AE}.Ad-Hoc|iPhoneSimulator.Deploy.0 = Release|x86
		{B89E995E-2502-46E6-85D6-CF4FEC0EA1AE}.Ad-Hoc|x64.ActiveCfg = Release|x64
		{B89E995E-2502-46E6-85D6-CF4FEC0EA1AE}.Ad-Hoc|x64.Build.0 = Release|x64
		{B89E995E-2502-46E6-85D6-CF4FEC0EA1AE}.Ad-Hoc|x64.Deploy.0 = Release|x64
		{B89E995E-2502-46E6-85D6-CF4FEC0EA1AE}.Ad-Hoc|x86.ActiveCfg = Release|x86
		{B89E995E-2502-46E6-85D6-CF4FEC0EA1AE}.Ad-Hoc|x86.Build.0 = Release|x86
		{B89E995E-2502-46E6-85D6-CF4FEC0EA1AE}.Ad-Hoc|x86.Deploy.0 = Release|x86
		{B89E995E-2502-46E6-85D6-CF4FEC0EA1AE}.AppStore|Any CPU.ActiveCfg = Release|x86
		{B89E995E-2502-46E6-85D6-CF4FEC0EA1AE}.AppStore|Any CPU.Build.0 = Release|x86
		{B89E995E-2502-46E6-85D6-CF4FEC0EA1AE}.AppStore|Any CPU.Deploy.0 = Release|x86
		{B89E995E-2502-46E6-85D6-CF4FEC0EA1AE}.AppStore|ARM.ActiveCfg = Release|ARM
		{B89E995E-2502-46E6-85D6-CF4FEC0EA1AE}.AppStore|ARM.Build.0 = Release|ARM
		{B89E995E-2502-46E6-85D6-CF4FEC0EA1AE}.AppStore|ARM.Deploy.0 = Release|ARM
		{B89E995E-2502-46E6-85D6-CF4FEC0EA1AE}.AppStore|iPhone.ActiveCfg = Release|x86
		{B89E995E-2502-46E6-85D6-CF4FEC0EA1AE}.AppStore|iPhone.Build.0 = Release|x86
		{B89E995E-2502-46E6-85D6-CF4FEC0EA1AE}.AppStore|iPhone.Deploy.0 = Release|x86
		{B89E995E-2502-46E6-85D6-CF4FEC0EA1AE}.AppStore|iPhoneSimulator.ActiveCfg = Release|x86
		{B89E995E-2502-46E6-85D6-CF4FEC0EA1AE}.AppStore|iPhoneSimulator.Build.0 = Release|x86
		{B89E995E-2502-46E6-85D6-CF4FEC0EA1AE}.AppStore|iPhoneSimulator.Deploy.0 = Release|x86
		{B89E995E-2502-46E6-85D6-CF4FEC0EA1AE}.AppStore|x64.ActiveCfg = Release|x64
		{B89E995E-2502-46E6-85D6-CF4FEC0EA1AE}.AppStore|x64.Build.0 = Release|x64
		{B89E995E-2502-46E6-85D6-CF4FEC0EA1AE}.AppStore|x64.Deploy.0 = Release|x64
		{B89E995E-2502-46E6-85D6-CF4FEC0EA1AE}.AppStore|x86.ActiveCfg = Release|x86
		{B89E995E-2502-46E6-85D6-CF4FEC0EA1AE}.AppStore|x86.Build.0 = Release|x86
		{B89E995E-2502-46E6-85D6-CF4FEC0EA1AE}.AppStore|x86.Deploy.0 = Release|x86
		{B89E995E-2502-46E6-85D6-CF4FEC0EA1AE}.Debug|Any CPU.ActiveCfg = Debug|x86
		{B89E995E-2502-46E6-85D6-CF4FEC0EA1AE}.Debug|ARM.ActiveCfg = Debug|ARM
		{B89E995E-2502-46E6-85D6-CF4FEC0EA1AE}.Debug|ARM.Build.0 = Debug|ARM
		{B89E995E-2502-46E6-85D6-CF4FEC0EA1AE}.Debug|ARM.Deploy.0 = Debug|ARM
		{B89E995E-2502-46E6-85D6-CF4FEC0EA1AE}.Debug|iPhone.ActiveCfg = Debug|x86
		{B89E995E-2502-46E6-85D6-CF4FEC0EA1AE}.Debug|iPhoneSimulator.ActiveCfg = Debug|x86
		{B89E995E-2502-46E6-85D6-CF4FEC0EA1AE}.Debug|iPhoneSimulator.Build.0 = Debug|x86
		{B89E995E-2502-46E6-85D6-CF4FEC0EA1AE}.Debug|iPhoneSimulator.Deploy.0 = Debug|x86
		{B89E995E-2502-46E6-85D6-CF4FEC0EA1AE}.Debug|x64.ActiveCfg = Debug|x64
		{B89E995E-2502-46E6-85D6-CF4FEC0EA1AE}.Debug|x64.Build.0 = Debug|x64
		{B89E995E-2502-46E6-85D6-CF4FEC0EA1AE}.Debug|x64.Deploy.0 = Debug|x64
		{B89E995E-2502-46E6-85D6-CF4FEC0EA1AE}.Debug|x86.ActiveCfg = Debug|x86
		{B89E995E-2502-46E6-85D6-CF4FEC0EA1AE}.Debug|x86.Build.0 = Debug|x86
		{B89E995E-2502-46E6-85D6-CF4FEC0EA1AE}.Debug|x86.Deploy.0 = Debug|x86
		{B89E995E-2502-46E6-85D6-CF4FEC0EA1AE}.Release|Any CPU.ActiveCfg = Release|x86
		{B89E995E-2502-46E6-85D6-CF4FEC0EA1AE}.Release|ARM.ActiveCfg = Release|ARM
		{B89E995E-2502-46E6-85D6-CF4FEC0EA1AE}.Release|ARM.Build.0 = Release|ARM
		{B89E995E-2502-46E6-85D6-CF4FEC0EA1AE}.Release|ARM.Deploy.0 = Release|ARM
		{B89E995E-2502-46E6-85D6-CF4FEC0EA1AE}.Release|iPhone.ActiveCfg = Release|x86
		{B89E995E-2502-46E6-85D6-CF4FEC0EA1AE}.Release|iPhoneSimulator.ActiveCfg = Release|x86
		{B89E995E-2502-46E6-85D6-CF4FEC0EA1AE}.Release|x64.ActiveCfg = Release|x64
		{B89E995E-2502-46E6-85D6-CF4FEC0EA1AE}.Release|x64.Build.0 = Release|x64
		{B89E995E-2502-46E6-85D6-CF4FEC0EA1AE}.Release|x64.Deploy.0 = Release|x64
		{B89E995E-2502-46E6-85D6-CF4FEC0EA1AE}.Release|x86.ActiveCfg = Release|x86
		{B89E995E-2502-46E6-85D6-CF4FEC0EA1AE}.Release|x86.Build.0 = Release|x86
		{B89E995E-2502-46E6-85D6-CF4FEC0EA1AE}.Release|x86.Deploy.0 = Release|x86
	EndGlobalSection
	GlobalSection(SolutionProperties) = preSolution
		HideSolutionNode = FALSE
	EndGlobalSection
	GlobalSection(ExtensibilityGlobals) = postSolution
		SolutionGuid = {4B957BAA-AE8A-4C9D-909F-E1411D8563A1}
	EndGlobalSection
EndGlobal
